// !$*UTF8*$!
{
	archiveVersion = 1;
	classes = {
	};
	objectVersion = 52;
	objects = {

/* Begin PBXBuildFile section */
		C0EF396D23DF5D0B00427C80 /* AppDelegate.swift in Sources */ = {isa = PBXBuildFile; fileRef = C0EF396C23DF5D0B00427C80 /* AppDelegate.swift */; };
		C0EF396F23DF5D0C00427C80 /* Assets.xcassets in Resources */ = {isa = PBXBuildFile; fileRef = C0EF396E23DF5D0C00427C80 /* Assets.xcassets */; };
		C0EF397223DF5D0C00427C80 /* MainMenu.xib in Resources */ = {isa = PBXBuildFile; fileRef = C0EF397023DF5D0C00427C80 /* MainMenu.xib */; };
		C0EF397E23DF5D0C00427C80 /* XPSQ8Kit_TestTests.swift in Sources */ = {isa = PBXBuildFile; fileRef = C0EF397D23DF5D0C00427C80 /* XPSQ8Kit_TestTests.swift */; };
		C0EF398C23DF60BC00427C80 /* XPSQ8Kit in Frameworks */ = {isa = PBXBuildFile; productRef = C0EF398B23DF60BC00427C80 /* XPSQ8Kit */; };
/* End PBXBuildFile section */

/* Begin PBXContainerItemProxy section */
		C0EF397A23DF5D0C00427C80 /* PBXContainerItemProxy */ = {
			isa = PBXContainerItemProxy;
			containerPortal = C0EF396123DF5D0B00427C80 /* Project object */;
			proxyType = 1;
			remoteGlobalIDString = C0EF396823DF5D0B00427C80;
			remoteInfo = "XPSQ8Kit-Test";
		};
/* End PBXContainerItemProxy section */

/* Begin PBXFileReference section */
		C0EF396923DF5D0B00427C80 /* XPSQ8Kit-Test.app */ = {isa = PBXFileReference; explicitFileType = wrapper.application; includeInIndex = 0; path = "XPSQ8Kit-Test.app"; sourceTree = BUILT_PRODUCTS_DIR; };
		C0EF396C23DF5D0B00427C80 /* AppDelegate.swift */ = {isa = PBXFileReference; lastKnownFileType = sourcecode.swift; path = AppDelegate.swift; sourceTree = "<group>"; };
		C0EF396E23DF5D0C00427C80 /* Assets.xcassets */ = {isa = PBXFileReference; lastKnownFileType = folder.assetcatalog; path = Assets.xcassets; sourceTree = "<group>"; };
		C0EF397123DF5D0C00427C80 /* Base */ = {isa = PBXFileReference; lastKnownFileType = file.xib; name = Base; path = Base.lproj/MainMenu.xib; sourceTree = "<group>"; };
		C0EF397323DF5D0C00427C80 /* Info.plist */ = {isa = PBXFileReference; lastKnownFileType = text.plist.xml; path = Info.plist; sourceTree = "<group>"; };
		C0EF397423DF5D0C00427C80 /* XPSQ8Kit_Test.entitlements */ = {isa = PBXFileReference; lastKnownFileType = text.plist.entitlements; path = XPSQ8Kit_Test.entitlements; sourceTree = "<group>"; };
		C0EF397923DF5D0C00427C80 /* XPSQ8Kit-TestTests.xctest */ = {isa = PBXFileReference; explicitFileType = wrapper.cfbundle; includeInIndex = 0; path = "XPSQ8Kit-TestTests.xctest"; sourceTree = BUILT_PRODUCTS_DIR; };
		C0EF397D23DF5D0C00427C80 /* XPSQ8Kit_TestTests.swift */ = {isa = PBXFileReference; lastKnownFileType = sourcecode.swift; path = XPSQ8Kit_TestTests.swift; sourceTree = "<group>"; };
		C0EF397F23DF5D0C00427C80 /* Info.plist */ = {isa = PBXFileReference; lastKnownFileType = text.plist.xml; path = Info.plist; sourceTree = "<group>"; };
/* End PBXFileReference section */

/* Begin PBXFrameworksBuildPhase section */
		C0EF396623DF5D0B00427C80 /* Frameworks */ = {
			isa = PBXFrameworksBuildPhase;
			buildActionMask = 2147483647;
			files = (
				C0EF398C23DF60BC00427C80 /* XPSQ8Kit in Frameworks */,
			);
			runOnlyForDeploymentPostprocessing = 0;
		};
		C0EF397623DF5D0C00427C80 /* Frameworks */ = {
			isa = PBXFrameworksBuildPhase;
			buildActionMask = 2147483647;
			files = (
			);
			runOnlyForDeploymentPostprocessing = 0;
		};
/* End PBXFrameworksBuildPhase section */

/* Begin PBXGroup section */
		C0EF396023DF5D0B00427C80 = {
			isa = PBXGroup;
			children = (
				C0EF396B23DF5D0B00427C80 /* XPSQ8Kit-Test */,
				C0EF397C23DF5D0C00427C80 /* XPSQ8Kit-TestTests */,
				C0EF396A23DF5D0B00427C80 /* Products */,
			);
			sourceTree = "<group>";
		};
		C0EF396A23DF5D0B00427C80 /* Products */ = {
			isa = PBXGroup;
			children = (
				C0EF396923DF5D0B00427C80 /* XPSQ8Kit-Test.app */,
				C0EF397923DF5D0C00427C80 /* XPSQ8Kit-TestTests.xctest */,
			);
			name = Products;
			sourceTree = "<group>";
		};
		C0EF396B23DF5D0B00427C80 /* XPSQ8Kit-Test */ = {
			isa = PBXGroup;
			children = (
				C0EF396C23DF5D0B00427C80 /* AppDelegate.swift */,
				C0EF396E23DF5D0C00427C80 /* Assets.xcassets */,
				C0EF397023DF5D0C00427C80 /* MainMenu.xib */,
				C0EF397323DF5D0C00427C80 /* Info.plist */,
				C0EF397423DF5D0C00427C80 /* XPSQ8Kit_Test.entitlements */,
			);
			path = "XPSQ8Kit-Test";
			sourceTree = "<group>";
		};
		C0EF397C23DF5D0C00427C80 /* XPSQ8Kit-TestTests */ = {
			isa = PBXGroup;
			children = (
				C0EF397D23DF5D0C00427C80 /* XPSQ8Kit_TestTests.swift */,
				C0EF397F23DF5D0C00427C80 /* Info.plist */,
			);
			path = "XPSQ8Kit-TestTests";
			sourceTree = "<group>";
		};
/* End PBXGroup section */

/* Begin PBXNativeTarget section */
		C0EF396823DF5D0B00427C80 /* XPSQ8Kit-Test */ = {
			isa = PBXNativeTarget;
			buildConfigurationList = C0EF398223DF5D0C00427C80 /* Build configuration list for PBXNativeTarget "XPSQ8Kit-Test" */;
			buildPhases = (
				C0EF396523DF5D0B00427C80 /* Sources */,
				C0EF396623DF5D0B00427C80 /* Frameworks */,
				C0EF396723DF5D0B00427C80 /* Resources */,
			);
			buildRules = (
			);
			dependencies = (
			);
			name = "XPSQ8Kit-Test";
			packageProductDependencies = (
				C0EF398B23DF60BC00427C80 /* XPSQ8Kit */,
			);
			productName = "XPSQ8Kit-Test";
			productReference = C0EF396923DF5D0B00427C80 /* XPSQ8Kit-Test.app */;
			productType = "com.apple.product-type.application";
		};
		C0EF397823DF5D0C00427C80 /* XPSQ8Kit-TestTests */ = {
			isa = PBXNativeTarget;
			buildConfigurationList = C0EF398523DF5D0C00427C80 /* Build configuration list for PBXNativeTarget "XPSQ8Kit-TestTests" */;
			buildPhases = (
				C0EF397523DF5D0C00427C80 /* Sources */,
				C0EF397623DF5D0C00427C80 /* Frameworks */,
				C0EF397723DF5D0C00427C80 /* Resources */,
			);
			buildRules = (
			);
			dependencies = (
				C0EF397B23DF5D0C00427C80 /* PBXTargetDependency */,
			);
			name = "XPSQ8Kit-TestTests";
			productName = "XPSQ8Kit-TestTests";
			productReference = C0EF397923DF5D0C00427C80 /* XPSQ8Kit-TestTests.xctest */;
			productType = "com.apple.product-type.bundle.unit-test";
		};
/* End PBXNativeTarget section */

/* Begin PBXProject section */
		C0EF396123DF5D0B00427C80 /* Project object */ = {
			isa = PBXProject;
			attributes = {
				LastSwiftUpdateCheck = 1130;
				LastUpgradeCheck = 1130;
				ORGANIZATIONNAME = "Hildreth Research Group";
				TargetAttributes = {
					C0EF396823DF5D0B00427C80 = {
						CreatedOnToolsVersion = 11.3.1;
					};
					C0EF397823DF5D0C00427C80 = {
						CreatedOnToolsVersion = 11.3.1;
						TestTargetID = C0EF396823DF5D0B00427C80;
					};
				};
			};
			buildConfigurationList = C0EF396423DF5D0B00427C80 /* Build configuration list for PBXProject "XPSQ8Kit-Test" */;
			compatibilityVersion = "Xcode 9.3";
			developmentRegion = en;
			hasScannedForEncodings = 0;
			knownRegions = (
				en,
				Base,
			);
			mainGroup = C0EF396023DF5D0B00427C80;
			packageReferences = (
				C0EF398A23DF60BC00427C80 /* XCRemoteSwiftPackageReference "XPSQ8Kit" */,
			);
			productRefGroup = C0EF396A23DF5D0B00427C80 /* Products */;
			projectDirPath = "";
			projectRoot = "";
			targets = (
				C0EF396823DF5D0B00427C80 /* XPSQ8Kit-Test */,
				C0EF397823DF5D0C00427C80 /* XPSQ8Kit-TestTests */,
			);
		};
/* End PBXProject section */

/* Begin PBXResourcesBuildPhase section */
		C0EF396723DF5D0B00427C80 /* Resources */ = {
			isa = PBXResourcesBuildPhase;
			buildActionMask = 2147483647;
			files = (
				C0EF396F23DF5D0C00427C80 /* Assets.xcassets in Resources */,
				C0EF397223DF5D0C00427C80 /* MainMenu.xib in Resources */,
			);
			runOnlyForDeploymentPostprocessing = 0;
		};
		C0EF397723DF5D0C00427C80 /* Resources */ = {
			isa = PBXResourcesBuildPhase;
			buildActionMask = 2147483647;
			files = (
			);
			runOnlyForDeploymentPostprocessing = 0;
		};
/* End PBXResourcesBuildPhase section */

/* Begin PBXSourcesBuildPhase section */
		C0EF396523DF5D0B00427C80 /* Sources */ = {
			isa = PBXSourcesBuildPhase;
			buildActionMask = 2147483647;
			files = (
				C0EF396D23DF5D0B00427C80 /* AppDelegate.swift in Sources */,
			);
			runOnlyForDeploymentPostprocessing = 0;
		};
		C0EF397523DF5D0C00427C80 /* Sources */ = {
			isa = PBXSourcesBuildPhase;
			buildActionMask = 2147483647;
			files = (
				C0EF397E23DF5D0C00427C80 /* XPSQ8Kit_TestTests.swift in Sources */,
			);
			runOnlyForDeploymentPostprocessing = 0;
		};
/* End PBXSourcesBuildPhase section */

/* Begin PBXTargetDependency section */
		C0EF397B23DF5D0C00427C80 /* PBXTargetDependency */ = {
			isa = PBXTargetDependency;
			target = C0EF396823DF5D0B00427C80 /* XPSQ8Kit-Test */;
			targetProxy = C0EF397A23DF5D0C00427C80 /* PBXContainerItemProxy */;
		};
/* End PBXTargetDependency section */

/* Begin PBXVariantGroup section */
		C0EF397023DF5D0C00427C80 /* MainMenu.xib */ = {
			isa = PBXVariantGroup;
			children = (
				C0EF397123DF5D0C00427C80 /* Base */,
			);
			name = MainMenu.xib;
			sourceTree = "<group>";
		};
/* End PBXVariantGroup section */

/* Begin XCBuildConfiguration section */
		C0EF398023DF5D0C00427C80 /* Debug */ = {
			isa = XCBuildConfiguration;
			buildSettings = {
				ALWAYS_SEARCH_USER_PATHS = NO;
				CLANG_ANALYZER_NONNULL = YES;
				CLANG_ANALYZER_NUMBER_OBJECT_CONVERSION = YES_AGGRESSIVE;
				CLANG_CXX_LANGUAGE_STANDARD = "gnu++14";
				CLANG_CXX_LIBRARY = "libc++";
				CLANG_ENABLE_MODULES = YES;
				CLANG_ENABLE_OBJC_ARC = YES;
				CLANG_ENABLE_OBJC_WEAK = YES;
				CLANG_WARN_BLOCK_CAPTURE_AUTORELEASING = YES;
				CLANG_WARN_BOOL_CONVERSION = YES;
				CLANG_WARN_COMMA = YES;
				CLANG_WARN_CONSTANT_CONVERSION = YES;
				CLANG_WARN_DEPRECATED_OBJC_IMPLEMENTATIONS = YES;
				CLANG_WARN_DIRECT_OBJC_ISA_USAGE = YES_ERROR;
				CLANG_WARN_DOCUMENTATION_COMMENTS = YES;
				CLANG_WARN_EMPTY_BODY = YES;
				CLANG_WARN_ENUM_CONVERSION = YES;
				CLANG_WARN_INFINITE_RECURSION = YES;
				CLANG_WARN_INT_CONVERSION = YES;
				CLANG_WARN_NON_LITERAL_NULL_CONVERSION = YES;
				CLANG_WARN_OBJC_IMPLICIT_RETAIN_SELF = YES;
				CLANG_WARN_OBJC_LITERAL_CONVERSION = YES;
				CLANG_WARN_OBJC_ROOT_CLASS = YES_ERROR;
				CLANG_WARN_RANGE_LOOP_ANALYSIS = YES;
				CLANG_WARN_STRICT_PROTOTYPES = YES;
				CLANG_WARN_SUSPICIOUS_MOVE = YES;
				CLANG_WARN_UNGUARDED_AVAILABILITY = YES_AGGRESSIVE;
				CLANG_WARN_UNREACHABLE_CODE = YES;
				CLANG_WARN__DUPLICATE_METHOD_MATCH = YES;
				COPY_PHASE_STRIP = NO;
				DEBUG_INFORMATION_FORMAT = dwarf;
				ENABLE_STRICT_OBJC_MSGSEND = YES;
				ENABLE_TESTABILITY = YES;
				GCC_C_LANGUAGE_STANDARD = gnu11;
				GCC_DYNAMIC_NO_PIC = NO;
				GCC_NO_COMMON_BLOCKS = YES;
				GCC_OPTIMIZATION_LEVEL = 0;
				GCC_PREPROCESSOR_DEFINITIONS = (
					"DEBUG=1",
					"$(inherited)",
				);
				GCC_WARN_64_TO_32_BIT_CONVERSION = YES;
				GCC_WARN_ABOUT_RETURN_TYPE = YES_ERROR;
				GCC_WARN_UNDECLARED_SELECTOR = YES;
				GCC_WARN_UNINITIALIZED_AUTOS = YES_AGGRESSIVE;
				GCC_WARN_UNUSED_FUNCTION = YES;
				GCC_WARN_UNUSED_VARIABLE = YES;
				MACOSX_DEPLOYMENT_TARGET = 10.14;
				MTL_ENABLE_DEBUG_INFO = INCLUDE_SOURCE;
				MTL_FAST_MATH = YES;
				ONLY_ACTIVE_ARCH = YES;
				SDKROOT = macosx;
				SWIFT_ACTIVE_COMPILATION_CONDITIONS = DEBUG;
				SWIFT_OPTIMIZATION_LEVEL = "-Onone";
			};
			name = Debug;
		};
		C0EF398123DF5D0C00427C80 /* Release */ = {
			isa = XCBuildConfiguration;
			buildSettings = {
				ALWAYS_SEARCH_USER_PATHS = NO;
				CLANG_ANALYZER_NONNULL = YES;
				CLANG_ANALYZER_NUMBER_OBJECT_CONVERSION = YES_AGGRESSIVE;
				CLANG_CXX_LANGUAGE_STANDARD = "gnu++14";
				CLANG_CXX_LIBRARY = "libc++";
				CLANG_ENABLE_MODULES = YES;
				CLANG_ENABLE_OBJC_ARC = YES;
				CLANG_ENABLE_OBJC_WEAK = YES;
				CLANG_WARN_BLOCK_CAPTURE_AUTORELEASING = YES;
				CLANG_WARN_BOOL_CONVERSION = YES;
				CLANG_WARN_COMMA = YES;
				CLANG_WARN_CONSTANT_CONVERSION = YES;
				CLANG_WARN_DEPRECATED_OBJC_IMPLEMENTATIONS = YES;
				CLANG_WARN_DIRECT_OBJC_ISA_USAGE = YES_ERROR;
				CLANG_WARN_DOCUMENTATION_COMMENTS = YES;
				CLANG_WARN_EMPTY_BODY = YES;
				CLANG_WARN_ENUM_CONVERSION = YES;
				CLANG_WARN_INFINITE_RECURSION = YES;
				CLANG_WARN_INT_CONVERSION = YES;
				CLANG_WARN_NON_LITERAL_NULL_CONVERSION = YES;
				CLANG_WARN_OBJC_IMPLICIT_RETAIN_SELF = YES;
				CLANG_WARN_OBJC_LITERAL_CONVERSION = YES;
				CLANG_WARN_OBJC_ROOT_CLASS = YES_ERROR;
				CLANG_WARN_RANGE_LOOP_ANALYSIS = YES;
				CLANG_WARN_STRICT_PROTOTYPES = YES;
				CLANG_WARN_SUSPICIOUS_MOVE = YES;
				CLANG_WARN_UNGUARDED_AVAILABILITY = YES_AGGRESSIVE;
				CLANG_WARN_UNREACHABLE_CODE = YES;
				CLANG_WARN__DUPLICATE_METHOD_MATCH = YES;
				COPY_PHASE_STRIP = NO;
				DEBUG_INFORMATION_FORMAT = "dwarf-with-dsym";
				ENABLE_NS_ASSERTIONS = NO;
				ENABLE_STRICT_OBJC_MSGSEND = YES;
				GCC_C_LANGUAGE_STANDARD = gnu11;
				GCC_NO_COMMON_BLOCKS = YES;
				GCC_WARN_64_TO_32_BIT_CONVERSION = YES;
				GCC_WARN_ABOUT_RETURN_TYPE = YES_ERROR;
				GCC_WARN_UNDECLARED_SELECTOR = YES;
				GCC_WARN_UNINITIALIZED_AUTOS = YES_AGGRESSIVE;
				GCC_WARN_UNUSED_FUNCTION = YES;
				GCC_WARN_UNUSED_VARIABLE = YES;
				MACOSX_DEPLOYMENT_TARGET = 10.14;
				MTL_ENABLE_DEBUG_INFO = NO;
				MTL_FAST_MATH = YES;
				SDKROOT = macosx;
				SWIFT_COMPILATION_MODE = wholemodule;
				SWIFT_OPTIMIZATION_LEVEL = "-O";
			};
			name = Release;
		};
		C0EF398323DF5D0C00427C80 /* Debug */ = {
			isa = XCBuildConfiguration;
			buildSettings = {
				ASSETCATALOG_COMPILER_APPICON_NAME = AppIcon;
				CODE_SIGN_ENTITLEMENTS = "XPSQ8Kit-Test/XPSQ8Kit_Test.entitlements";
				CODE_SIGN_STYLE = Automatic;
				COMBINE_HIDPI_IMAGES = YES;
				DEVELOPMENT_TEAM = "";
				ENABLE_HARDENED_RUNTIME = YES;
				INFOPLIST_FILE = "XPSQ8Kit-Test/Info.plist";
				LD_RUNPATH_SEARCH_PATHS = (
					"$(inherited)",
					"@executable_path/../Frameworks",
				);
				PRODUCT_BUNDLE_IDENTIFIER = "com.HRG.XPSQ8Kit-Test";
				PRODUCT_NAME = "$(TARGET_NAME)";
				SWIFT_VERSION = 5.0;
			};
			name = Debug;
		};
		C0EF398423DF5D0C00427C80 /* Release */ = {
			isa = XCBuildConfiguration;
			buildSettings = {
				ASSETCATALOG_COMPILER_APPICON_NAME = AppIcon;
				CODE_SIGN_ENTITLEMENTS = "XPSQ8Kit-Test/XPSQ8Kit_Test.entitlements";
				CODE_SIGN_STYLE = Automatic;
				COMBINE_HIDPI_IMAGES = YES;
				DEVELOPMENT_TEAM = "";
				ENABLE_HARDENED_RUNTIME = YES;
				INFOPLIST_FILE = "XPSQ8Kit-Test/Info.plist";
				LD_RUNPATH_SEARCH_PATHS = (
					"$(inherited)",
					"@executable_path/../Frameworks",
				);
				PRODUCT_BUNDLE_IDENTIFIER = "com.HRG.XPSQ8Kit-Test";
				PRODUCT_NAME = "$(TARGET_NAME)";
				SWIFT_VERSION = 5.0;
			};
			name = Release;
		};
		C0EF398623DF5D0C00427C80 /* Debug */ = {
			isa = XCBuildConfiguration;
			buildSettings = {
				ALWAYS_EMBED_SWIFT_STANDARD_LIBRARIES = YES;
				BUNDLE_LOADER = "$(TEST_HOST)";
				CODE_SIGN_STYLE = Automatic;
				COMBINE_HIDPI_IMAGES = YES;
				DEVELOPMENT_TEAM = Z553N3QGMH;
				INFOPLIST_FILE = "XPSQ8Kit-TestTests/Info.plist";
				LD_RUNPATH_SEARCH_PATHS = (
					"$(inherited)",
					"@executable_path/../Frameworks",
					"@loader_path/../Frameworks",
				);
				MACOSX_DEPLOYMENT_TARGET = 10.14;
				PRODUCT_BUNDLE_IDENTIFIER = "com.HRG.XPSQ8Kit-TestTests";
				PRODUCT_NAME = "$(TARGET_NAME)";
				SWIFT_VERSION = 5.0;
				TEST_HOST = "$(BUILT_PRODUCTS_DIR)/XPSQ8Kit-Test.app/Contents/MacOS/XPSQ8Kit-Test";
			};
			name = Debug;
		};
		C0EF398723DF5D0C00427C80 /* Release */ = {
			isa = XCBuildConfiguration;
			buildSettings = {
				ALWAYS_EMBED_SWIFT_STANDARD_LIBRARIES = YES;
				BUNDLE_LOADER = "$(TEST_HOST)";
				CODE_SIGN_STYLE = Automatic;
				COMBINE_HIDPI_IMAGES = YES;
				DEVELOPMENT_TEAM = Z553N3QGMH;
				INFOPLIST_FILE = "XPSQ8Kit-TestTests/Info.plist";
				LD_RUNPATH_SEARCH_PATHS = (
					"$(inherited)",
					"@executable_path/../Frameworks",
					"@loader_path/../Frameworks",
				);
				MACOSX_DEPLOYMENT_TARGET = 10.14;
				PRODUCT_BUNDLE_IDENTIFIER = "com.HRG.XPSQ8Kit-TestTests";
				PRODUCT_NAME = "$(TARGET_NAME)";
				SWIFT_VERSION = 5.0;
				TEST_HOST = "$(BUILT_PRODUCTS_DIR)/XPSQ8Kit-Test.app/Contents/MacOS/XPSQ8Kit-Test";
			};
			name = Release;
		};
/* End XCBuildConfiguration section */

/* Begin XCConfigurationList section */
		C0EF396423DF5D0B00427C80 /* Build configuration list for PBXProject "XPSQ8Kit-Test" */ = {
			isa = XCConfigurationList;
			buildConfigurations = (
				C0EF398023DF5D0C00427C80 /* Debug */,
				C0EF398123DF5D0C00427C80 /* Release */,
			);
			defaultConfigurationIsVisible = 0;
			defaultConfigurationName = Release;
		};
		C0EF398223DF5D0C00427C80 /* Build configuration list for PBXNativeTarget "XPSQ8Kit-Test" */ = {
			isa = XCConfigurationList;
			buildConfigurations = (
				C0EF398323DF5D0C00427C80 /* Debug */,
				C0EF398423DF5D0C00427C80 /* Release */,
			);
			defaultConfigurationIsVisible = 0;
			defaultConfigurationName = Release;
		};
		C0EF398523DF5D0C00427C80 /* Build configuration list for PBXNativeTarget "XPSQ8Kit-TestTests" */ = {
			isa = XCConfigurationList;
			buildConfigurations = (
				C0EF398623DF5D0C00427C80 /* Debug */,
				C0EF398723DF5D0C00427C80 /* Release */,
			);
			defaultConfigurationIsVisible = 0;
			defaultConfigurationName = Release;
		};
/* End XCConfigurationList section */

/* Begin XCRemoteSwiftPackageReference section */
		C0EF398A23DF60BC00427C80 /* XCRemoteSwiftPackageReference "XPSQ8Kit" */ = {
			isa = XCRemoteSwiftPackageReference;
			repositoryURL = "https://github.com/HildrethResearchGroup/XPSQ8Kit.git";
			requirement = {
				branch = stagesDevelopment;
				kind = branch;
			};
		};
/* End XCRemoteSwiftPackageReference section */

/* Begin XCSwiftPackageProductDependency section */
		C0EF398B23DF60BC00427C80 /* XPSQ8Kit */ = {
			isa = XCSwiftPackageProductDependency;
			package = C0EF398A23DF60BC00427C80 /* XCRemoteSwiftPackageReference "XPSQ8Kit" */;
			productName = XPSQ8Kit;
		};
/* End XCSwiftPackageProductDependency section */
	};
	rootObject = C0EF396123DF5D0B00427C80 /* Project object */;
}
